// !$*UTF8*$!
{
	archiveVersion = 1;
	classes = {
	};
	objectVersion = 48;
	objects = {

/* Begin PBXBuildFile section */
		B2EFA7571FA0699000D139FA /* main.swift in Sources */ = {isa = PBXBuildFile; fileRef = B2EFA7561FA0699000D139FA /* main.swift */; };
/* End PBXBuildFile section */

/* Begin PBXContainerItemProxy section */
		A154644120E3654A00E91EDE /* PBXContainerItemProxy */ = {
			isa = PBXContainerItemProxy;
			containerPortal = A154643B20E3654900E91EDE /* test.xcodeproj */;
			proxyType = 2;
			remoteGlobalIDString = A154640A20E3654700E91EDE;
			remoteInfo = test;
		};
		A154644320E3654A00E91EDE /* PBXContainerItemProxy */ = {
			isa = PBXContainerItemProxy;
			containerPortal = A154643B20E3654900E91EDE /* test.xcodeproj */;
			proxyType = 2;
			remoteGlobalIDString = A154641E20E3654800E91EDE;
			remoteInfo = testTests;
		};
		A154644520E3654A00E91EDE /* PBXContainerItemProxy */ = {
			isa = PBXContainerItemProxy;
			containerPortal = A154643B20E3654900E91EDE /* test.xcodeproj */;
			proxyType = 2;
			remoteGlobalIDString = A154642920E3654800E91EDE;
			remoteInfo = testUITests;
		};
		A154648720E3658400E91EDE /* PBXContainerItemProxy */ = {
			isa = PBXContainerItemProxy;
			containerPortal = A154648120E3658300E91EDE /* demo.xcodeproj */;
			proxyType = 2;
			remoteGlobalIDString = A154645020E3658200E91EDE;
			remoteInfo = demo;
		};
		A154648920E3658400E91EDE /* PBXContainerItemProxy */ = {
			isa = PBXContainerItemProxy;
			containerPortal = A154648120E3658300E91EDE /* demo.xcodeproj */;
			proxyType = 2;
			remoteGlobalIDString = A154646420E3658300E91EDE;
			remoteInfo = demoTests;
		};
		A154648B20E3658400E91EDE /* PBXContainerItemProxy */ = {
			isa = PBXContainerItemProxy;
			containerPortal = A154648120E3658300E91EDE /* demo.xcodeproj */;
			proxyType = 2;
			remoteGlobalIDString = A154646F20E3658300E91EDE;
			remoteInfo = demoUITests;
		};
/* End PBXContainerItemProxy section */

/* Begin PBXCopyFilesBuildPhase section */
		B2EFA7511FA0699000D139FA /* CopyFiles */ = {
			isa = PBXCopyFilesBuildPhase;
			buildActionMask = 2147483647;
			dstPath = /usr/share/man/man1/;
			dstSubfolderSpec = 0;
			files = (
			);
			runOnlyForDeploymentPostprocessing = 1;
		};
/* End PBXCopyFilesBuildPhase section */

/* Begin PBXFileReference section */
		A154643B20E3654900E91EDE /* test.xcodeproj */ = {isa = PBXFileReference; lastKnownFileType = "wrapper.pb-project"; name = test.xcodeproj; path = test/test.xcodeproj; sourceTree = "<group>"; };
		A154648120E3658300E91EDE /* demo.xcodeproj */ = {isa = PBXFileReference; lastKnownFileType = "wrapper.pb-project"; name = demo.xcodeproj; path = demo/demo.xcodeproj; sourceTree = "<group>"; };
		B2EFA7531FA0699000D139FA /* swift4 */ = {isa = PBXFileReference; explicitFileType = "compiled.mach-o.executable"; includeInIndex = 0; path = swift4; sourceTree = BUILT_PRODUCTS_DIR; };
		B2EFA7561FA0699000D139FA /* main.swift */ = {isa = PBXFileReference; lastKnownFileType = sourcecode.swift; path = main.swift; sourceTree = "<group>"; };
/* End PBXFileReference section */

/* Begin PBXFrameworksBuildPhase section */
		B2EFA7501FA0699000D139FA /* Frameworks */ = {
			isa = PBXFrameworksBuildPhase;
			buildActionMask = 2147483647;
			files = (
			);
			runOnlyForDeploymentPostprocessing = 0;
		};
/* End PBXFrameworksBuildPhase section */

/* Begin PBXGroup section */
		A154643C20E3654900E91EDE /* Products */ = {
			isa = PBXGroup;
			children = (
				A154644220E3654A00E91EDE /* test.app */,
				A154644420E3654A00E91EDE /* testTests.xctest */,
				A154644620E3654A00E91EDE /* testUITests.xctest */,
			);
			name = Products;
			sourceTree = "<group>";
		};
		A154648220E3658300E91EDE /* Products */ = {
			isa = PBXGroup;
			children = (
				A154648820E3658400E91EDE /* demo.app */,
				A154648A20E3658400E91EDE /* demoTests.xctest */,
				A154648C20E3658400E91EDE /* demoUITests.xctest */,
			);
			name = Products;
			sourceTree = "<group>";
		};
		B2EFA74A1FA0699000D139FA = {
			isa = PBXGroup;
			children = (
				A154648120E3658300E91EDE /* demo.xcodeproj */,
				A154643B20E3654900E91EDE /* test.xcodeproj */,
				B2EFA7551FA0699000D139FA /* swift4 */,
				B2EFA7541FA0699000D139FA /* Products */,
			);
			sourceTree = "<group>";
		};
		B2EFA7541FA0699000D139FA /* Products */ = {
			isa = PBXGroup;
			children = (
				B2EFA7531FA0699000D139FA /* swift4 */,
			);
			name = Products;
			sourceTree = "<group>";
		};
		B2EFA7551FA0699000D139FA /* swift4 */ = {
			isa = PBXGroup;
			children = (
				B2EFA7561FA0699000D139FA /* main.swift */,
			);
			path = swift4;
			sourceTree = "<group>";
		};
/* End PBXGroup section */

/* Begin PBXNativeTarget section */
		B2EFA7521FA0699000D139FA /* swift4 */ = {
			isa = PBXNativeTarget;
			buildConfigurationList = B2EFA75A1FA0699000D139FA /* Build configuration list for PBXNativeTarget "swift4" */;
			buildPhases = (
				B2EFA74F1FA0699000D139FA /* Sources */,
				B2EFA7501FA0699000D139FA /* Frameworks */,
				B2EFA7511FA0699000D139FA /* CopyFiles */,
			);
			buildRules = (
			);
			dependencies = (
			);
			name = swift4;
			productName = swift4;
			productReference = B2EFA7531FA0699000D139FA /* swift4 */;
			productType = "com.apple.product-type.tool";
		};
/* End PBXNativeTarget section */

/* Begin PBXProject section */
		B2EFA74B1FA0699000D139FA /* Project object */ = {
			isa = PBXProject;
			attributes = {
				LastSwiftUpdateCheck = 0900;
				LastUpgradeCheck = 0930;
				ORGANIZATIONNAME = "Luo Yao";
				TargetAttributes = {
					B2EFA7521FA0699000D139FA = {
						CreatedOnToolsVersion = 9.0.1;
						ProvisioningStyle = Automatic;
					};
				};
			};
			buildConfigurationList = B2EFA74E1FA0699000D139FA /* Build configuration list for PBXProject "swift4" */;
			compatibilityVersion = "Xcode 8.0";
			developmentRegion = en;
			hasScannedForEncodings = 0;
			knownRegions = (
				en,
			);
			mainGroup = B2EFA74A1FA0699000D139FA;
			productRefGroup = B2EFA7541FA0699000D139FA /* Products */;
			projectDirPath = "";
			projectReferences = (
				{
					ProductGroup = A154648220E3658300E91EDE /* Products */;
					ProjectRef = A154648120E3658300E91EDE /* demo.xcodeproj */;
				},
				{
					ProductGroup = A154643C20E3654900E91EDE /* Products */;
					ProjectRef = A154643B20E3654900E91EDE /* test.xcodeproj */;
				},
			);
			projectRoot = "";
			targets = (
				B2EFA7521FA0699000D139FA /* swift4 */,
			);
		};
/* End PBXProject section */

/* Begin PBXReferenceProxy section */
		A154644220E3654A00E91EDE /* test.app */ = {
			isa = PBXReferenceProxy;
			fileType = wrapper.application;
			path = test.app;
			remoteRef = A154644120E3654A00E91EDE /* PBXContainerItemProxy */;
			sourceTree = BUILT_PRODUCTS_DIR;
		};
		A154644420E3654A00E91EDE /* testTests.xctest */ = {
			isa = PBXReferenceProxy;
			fileType = wrapper.cfbundle;
			path = testTests.xctest;
			remoteRef = A154644320E3654A00E91EDE /* PBXContainerItemProxy */;
			sourceTree = BUILT_PRODUCTS_DIR;
		};
		A154644620E3654A00E91EDE /* testUITests.xctest */ = {
			isa = PBXReferenceProxy;
			fileType = wrapper.cfbundle;
			path = testUITests.xctest;
			remoteRef = A154644520E3654A00E91EDE /* PBXContainerItemProxy */;
			sourceTree = BUILT_PRODUCTS_DIR;
		};
		A154648820E3658400E91EDE /* demo.app */ = {
			isa = PBXReferenceProxy;
			fileType = wrapper.application;
			path = demo.app;
			remoteRef = A154648720E3658400E91EDE /* PBXContainerItemProxy */;
			sourceTree = BUILT_PRODUCTS_DIR;
		};
		A154648A20E3658400E91EDE /* demoTests.xctest */ = {
			isa = PBXReferenceProxy;
			fileType = wrapper.cfbundle;
			path = demoTests.xctest;
			remoteRef = A154648920E3658400E91EDE /* PBXContainerItemProxy */;
			sourceTree = BUILT_PRODUCTS_DIR;
		};
		A154648C20E3658400E91EDE /* demoUITests.xctest */ = {
			isa = PBXReferenceProxy;
			fileType = wrapper.cfbundle;
			path = demoUITests.xctest;
			remoteRef = A154648B20E3658400E91EDE /* PBXContainerItemProxy */;
			sourceTree = BUILT_PRODUCTS_DIR;
		};
/* End PBXReferenceProxy section */

/* Begin PBXSourcesBuildPhase section */
		B2EFA74F1FA0699000D139FA /* Sources */ = {
			isa = PBXSourcesBuildPhase;
			buildActionMask = 2147483647;
			files = (
				B2EFA7571FA0699000D139FA /* main.swift in Sources */,
			);
			runOnlyForDeploymentPostprocessing = 0;
		};
/* End PBXSourcesBuildPhase section */

/* Begin XCBuildConfiguration section */
		B2EFA7581FA0699000D139FA /* Debug */ = {
			isa = XCBuildConfiguration;
			buildSettings = {
				ALWAYS_SEARCH_USER_PATHS = NO;
				CLANG_ANALYZER_NONNULL = YES;
				CLANG_ANALYZER_NUMBER_OBJECT_CONVERSION = YES_AGGRESSIVE;
				CLANG_CXX_LANGUAGE_STANDARD = "gnu++14";
				CLANG_CXX_LIBRARY = "libc++";
				CLANG_ENABLE_MODULES = YES;
				CLANG_ENABLE_OBJC_ARC = YES;
				CLANG_WARN_BLOCK_CAPTURE_AUTORELEASING = YES;
				CLANG_WARN_BOOL_CONVERSION = YES;
				CLANG_WARN_COMMA = YES;
				CLANG_WARN_CONSTANT_CONVERSION = YES;
				CLANG_WARN_DEPRECATED_OBJC_IMPLEMENTATIONS = YES;
				CLANG_WARN_DIRECT_OBJC_ISA_USAGE = YES_ERROR;
				CLANG_WARN_DOCUMENTATION_COMMENTS = YES;
				CLANG_WARN_EMPTY_BODY = YES;
				CLANG_WARN_ENUM_CONVERSION = YES;
				CLANG_WARN_INFINITE_RECURSION = YES;
				CLANG_WARN_INT_CONVERSION = YES;
				CLANG_WARN_NON_LITERAL_NULL_CONVERSION = YES;
				CLANG_WARN_OBJC_IMPLICIT_RETAIN_SELF = YES;
				CLANG_WARN_OBJC_LITERAL_CONVERSION = YES;
				CLANG_WARN_OBJC_ROOT_CLASS = YES_ERROR;
				CLANG_WARN_RANGE_LOOP_ANALYSIS = YES;
				CLANG_WARN_STRICT_PROTOTYPES = YES;
				CLANG_WARN_SUSPICIOUS_MOVE = YES;
				CLANG_WARN_UNGUARDED_AVAILABILITY = YES_AGGRESSIVE;
				CLANG_WARN_UNREACHABLE_CODE = YES;
				CLANG_WARN__DUPLICATE_METHOD_MATCH = YES;
				CODE_SIGN_IDENTITY = "Mac Developer";
				COPY_PHASE_STRIP = NO;
				DEBUG_INFORMATION_FORMAT = dwarf;
				ENABLE_STRICT_OBJC_MSGSEND = YES;
				ENABLE_TESTABILITY = YES;
				GCC_C_LANGUAGE_STANDARD = gnu11;
				GCC_DYNAMIC_NO_PIC = NO;
				GCC_NO_COMMON_BLOCKS = YES;
				GCC_OPTIMIZATION_LEVEL = 0;
				GCC_PREPROCESSOR_DEFINITIONS = (
					"DEBUG=1",
					"$(inherited)",
				);
				GCC_WARN_64_TO_32_BIT_CONVERSION = YES;
				GCC_WARN_ABOUT_RETURN_TYPE = YES_ERROR;
				GCC_WARN_UNDECLARED_SELECTOR = YES;
				GCC_WARN_UNINITIALIZED_AUTOS = YES_AGGRESSIVE;
				GCC_WARN_UNUSED_FUNCTION = YES;
				GCC_WARN_UNUSED_VARIABLE = YES;
				MACOSX_DEPLOYMENT_TARGET = 10.13;
				MTL_ENABLE_DEBUG_INFO = YES;
				ONLY_ACTIVE_ARCH = YES;
				SDKROOT = macosx;
				SWIFT_ACTIVE_COMPILATION_CONDITIONS = DEBUG;
				SWIFT_OPTIMIZATION_LEVEL = "-Onone";
			};
			name = Debug;
		};
		B2EFA7591FA0699000D139FA /* Release */ = {
			isa = XCBuildConfiguration;
			buildSettings = {
				ALWAYS_SEARCH_USER_PATHS = NO;
				CLANG_ANALYZER_NONNULL = YES;
				CLANG_ANALYZER_NUMBER_OBJECT_CONVERSION = YES_AGGRESSIVE;
				CLANG_CXX_LANGUAGE_STANDARD = "gnu++14";
				CLANG_CXX_LIBRARY = "libc++";
				CLANG_ENABLE_MODULES = YES;
				CLANG_ENABLE_OBJC_ARC = YES;
				CLANG_WARN_BLOCK_CAPTURE_AUTORELEASING = YES;
				CLANG_WARN_BOOL_CONVERSION = YES;
				CLANG_WARN_COMMA = YES;
				CLANG_WARN_CONSTANT_CONVERSION = YES;
				CLANG_WARN_DEPRECATED_OBJC_IMPLEMENTATIONS = YES;
				CLANG_WARN_DIRECT_OBJC_ISA_USAGE = YES_ERROR;
				CLANG_WARN_DOCUMENTATION_COMMENTS = YES;
				CLANG_WARN_EMPTY_BODY = YES;
				CLANG_WARN_ENUM_CONVERSION = YES;
				CLANG_WARN_INFINITE_RECURSION = YES;
				CLANG_WARN_INT_CONVERSION = YES;
				CLANG_WARN_NON_LITERAL_NULL_CONVERSION = YES;
				CLANG_WARN_OBJC_IMPLICIT_RETAIN_SELF = YES;
				CLANG_WARN_OBJC_LITERAL_CONVERSION = YES;
				CLANG_WARN_OBJC_ROOT_CLASS = YES_ERROR;
				CLANG_WARN_RANGE_LOOP_ANALYSIS = YES;
				CLANG_WARN_STRICT_PROTOTYPES = YES;
				CLANG_WARN_SUSPICIOUS_MOVE = YES;
				CLANG_WARN_UNGUARDED_AVAILABILITY = YES_AGGRESSIVE;
				CLANG_WARN_UNREACHABLE_CODE = YES;
				CLANG_WARN__DUPLICATE_METHOD_MATCH = YES;
				CODE_SIGN_IDENTITY = "Mac Developer";
				COPY_PHASE_STRIP = NO;
				DEBUG_INFORMATION_FORMAT = "dwarf-with-dsym";
				ENABLE_NS_ASSERTIONS = NO;
				ENABLE_STRICT_OBJC_MSGSEND = YES;
				GCC_C_LANGUAGE_STANDARD = gnu11;
				GCC_NO_COMMON_BLOCKS = YES;
				GCC_WARN_64_TO_32_BIT_CONVERSION = YES;
				GCC_WARN_ABOUT_RETURN_TYPE = YES_ERROR;
				GCC_WARN_UNDECLARED_SELECTOR = YES;
				GCC_WARN_UNINITIALIZED_AUTOS = YES_AGGRESSIVE;
				GCC_WARN_UNUSED_FUNCTION = YES;
				GCC_WARN_UNUSED_VARIABLE = YES;
				MACOSX_DEPLOYMENT_TARGET = 10.13;
				MTL_ENABLE_DEBUG_INFO = NO;
				SDKROOT = macosx;
				SWIFT_OPTIMIZATION_LEVEL = "-Owholemodule";
			};
			name = Release;
		};
		B2EFA75B1FA0699000D139FA /* Debug */ = {
			isa = XCBuildConfiguration;
			buildSettings = {
				CODE_SIGN_STYLE = Automatic;
				DEVELOPMENT_TEAM = 4WJ92J94TM;
				PRODUCT_NAME = "$(TARGET_NAME)";
				SWIFT_VERSION = 4.0;
			};
			name = Debug;
		};
		B2EFA75C1FA0699000D139FA /* Release */ = {
			isa = XCBuildConfiguration;
			buildSettings = {
				CODE_SIGN_STYLE = Automatic;
				DEVELOPMENT_TEAM = 4WJ92J94TM;
				PRODUCT_NAME = "$(TARGET_NAME)";
				SWIFT_VERSION = 4.0;
			};
			name = Release;
		};
/* End XCBuildConfiguration section */

/* Begin XCConfigurationList section */
		B2EFA74E1FA0699000D139FA /* Build configuration list for PBXProject "swift4" */ = {
			isa = XCConfigurationList;
			buildConfigurations = (
				B2EFA7581FA0699000D139FA /* Debug */,
				B2EFA7591FA0699000D139FA /* Release */,
			);
			defaultConfigurationIsVisible = 0;
			defaultConfigurationName = Release;
		};
		B2EFA75A1FA0699000D139FA /* Build configuration list for PBXNativeTarget "swift4" */ = {
			isa = XCConfigurationList;
			buildConfigurations = (
				B2EFA75B1FA0699000D139FA /* Debug */,
				B2EFA75C1FA0699000D139FA /* Release */,
			);
			defaultConfigurationIsVisible = 0;
			defaultConfigurationName = Release;
		};
/* End XCConfigurationList section */
	};
	rootObject = B2EFA74B1FA0699000D139FA /* Project object */;
}
